
Microsoft Visual Studio Solution File, Format Version 12.00
# Visual Studio Version 17
VisualStudioVersion = 17.13.35931.197 d17.13
MinimumVisualStudioVersion = 10.0.40219.1
Project("{FAE04EC0-301F-11D3-BF4B-00C04F79EFBC}") = "CarsAndBids.Core", "CarsAndBids.Core\CarsAndBids.Core.csproj", "{DC6A9540-B011-4D68-BF8F-CA934658101C}"
EndProject
Project("{FAE04EC0-301F-11D3-BF4B-00C04F79EFBC}") = "CarsAndBids.Data", "CarsAndBids.Data\CarsAndBids.Data.csproj", "{3E16C6B6-CEEE-4F81-A50E-2571F211E1EB}"
EndProject
Project("{FAE04EC0-301F-11D3-BF4B-00C04F79EFBC}") = "CarsAndBids.Application", "CarsAndBids.Application\CarsAndBids.Application.csproj", "{B5A55AC0-CDE9-4D4F-8085-FF5A653E00B2}"
EndProject
Global
	GlobalSection(SolutionConfigurationPlatforms) = preSolution
		Debug|Any CPU = Debug|Any CPU
		Release|Any CPU = Release|Any CPU
	EndGlobalSection
	GlobalSection(ProjectConfigurationPlatforms) = postSolution
		{DC6A9540-B011-4D68-BF8F-CA934658101C}.Debug|Any CPU.ActiveCfg = Debug|Any CPU
		{DC6A9540-B011-4D68-BF8F-CA934658101C}.Debug|Any CPU.Build.0 = Debug|Any CPU
		{DC6A9540-B011-4D68-BF8F-CA934658101C}.Release|Any CPU.ActiveCfg = Release|Any CPU
		{DC6A9540-B011-4D68-BF8F-CA934658101C}.Release|Any CPU.Build.0 = Release|Any CPU
		{3E16C6B6-CEEE-4F81-A50E-2571F211E1EB}.Debug|Any CPU.ActiveCfg = Debug|Any CPU
		{3E16C6B6-CEEE-4F81-A50E-2571F211E1EB}.Debug|Any CPU.Build.0 = Debug|Any CPU
		{3E16C6B6-CEEE-4F81-A50E-2571F211E1EB}.Release|Any CPU.ActiveCfg = Release|Any CPU
		{3E16C6B6-CEEE-4F81-A50E-2571F211E1EB}.Release|Any CPU.Build.0 = Release|Any CPU
		{B5A55AC0-CDE9-4D4F-8085-FF5A653E00B2}.Debug|Any CPU.ActiveCfg = Debug|Any CPU
		{B5A55AC0-CDE9-4D4F-8085-FF5A653E00B2}.Debug|Any CPU.Build.0 = Debug|Any CPU
		{B5A55AC0-CDE9-4D4F-8085-FF5A653E00B2}.Release|Any CPU.ActiveCfg = Release|Any CPU
		{B5A55AC0-CDE9-4D4F-8085-FF5A653E00B2}.Release|Any CPU.Build.0 = Release|Any CPU
	EndGlobalSection
	GlobalSection(SolutionProperties) = preSolution
		HideSolutionNode = FALSE
	EndGlobalSection
	GlobalSection(ExtensibilityGlobals) = postSolution
		SolutionGuid = {CC29A030-38EC-489E-9C9A-E0E6456D5107}
	EndGlobalSection
EndGlobal
